
Microsoft Visual Studio Solution File, Format Version 12.00
# Visual Studio Version 17
VisualStudioVersion = 17.3.32825.248
MinimumVisualStudioVersion = 10.0.40219.1
Project("{8BC9CEB8-8B4A-11D0-8D11-00A0C91BC942}") = "Lab05", "Lab05\Lab05.vcxproj", "{8DDF9E4F-04CE-460E-8321-E44DBD0683F3}"
EndProject
Global
	GlobalSection(SolutionConfigurationPlatforms) = preSolution
		Debug|x64 = Debug|x64
		Debug|x86 = Debug|x86
		Release|x64 = Release|x64
		Release|x86 = Release|x86
	EndGlobalSection
	GlobalSection(ProjectConfigurationPlatforms) = postSolution
		{8DDF9E4F-04CE-460E-8321-E44DBD0683F3}.Debug|x64.ActiveCfg = Debug|x64
		{8DDF9E4F-04CE-460E-8321-E44DBD0683F3}.Debug|x64.Build.0 = Debug|x64
		{8DDF9E4F-04CE-460E-8321-E44DBD0683F3}.Debug|x86.ActiveCfg = Debug|Win32
		{8DDF9E4F-04CE-460E-8321-E44DBD0683F3}.Debug|x86.Build.0 = Debug|Win32
		{8DDF9E4F-04CE-460E-8321-E44DBD0683F3}.Release|x64.ActiveCfg = Release|x64
		{8DDF9E4F-04CE-460E-8321-E44DBD0683F3}.Release|x64.Build.0 = Release|x64
		{8DDF9E4F-04CE-460E-8321-E44DBD0683F3}.Release|x86.ActiveCfg = Release|Win32
		{8DDF9E4F-04CE-460E-8321-E44DBD0683F3}.Release|x86.Build.0 = Release|Win32
	EndGlobalSection
	GlobalSection(SolutionProperties) = preSolution
		HideSolutionNode = FALSE
	EndGlobalSection
	GlobalSection(ExtensibilityGlobals) = postSolution
		SolutionGuid = {B66FFA0F-C33B-4F99-97E9-C04078FC3A2A}
	EndGlobalSection
EndGlobal
